
Microsoft Visual Studio Solution File, Format Version 12.00
# Visual Studio 14
VisualStudioVersion = 14.0.24720.0
MinimumVisualStudioVersion = 10.0.40219.1
Project("{FAE04EC0-301F-11D3-BF4B-00C04F79EFBC}") = "Deck", "Deck\Deck.csproj", "{0EDF2E97-2B1A-4EAC-B31E-0806377FF283}"
EndProject
Project("{FAE04EC0-301F-11D3-BF4B-00C04F79EFBC}") = "Deck.Tests", "Deck.Tests\Deck.Tests.csproj", "{99B89D83-12A4-4AED-867C-247E5D7A5717}"
EndProject
Project("{FAE04EC0-301F-11D3-BF4B-00C04F79EFBC}") = "Deck.Logic", "Deck.Logic\Deck.Logic.csproj", "{ABCB7A21-A73C-4117-ACAF-053A21523957}"
EndProject
Project("{E24C65DC-7377-472B-9ABA-BC803B73C61A}") = "Deck.Client", "Deck.Client\", "{9D972CD4-A100-4DAD-B31B-3A9E853879C1}"
	ProjectSection(WebsiteProperties) = preProject
		TargetFrameworkMoniker = ".NETFramework,Version%3Dv4.0"
		Debug.AspNetCompiler.VirtualPath = "/localhost_58835"
		Debug.AspNetCompiler.PhysicalPath = "Deck.Client\"
		Debug.AspNetCompiler.TargetPath = "PrecompiledWeb\localhost_58835\"
		Debug.AspNetCompiler.Updateable = "true"
		Debug.AspNetCompiler.ForceOverwrite = "true"
		Debug.AspNetCompiler.FixedNames = "false"
		Debug.AspNetCompiler.Debug = "True"
		Release.AspNetCompiler.VirtualPath = "/localhost_58835"
		Release.AspNetCompiler.PhysicalPath = "Deck.Client\"
		Release.AspNetCompiler.TargetPath = "PrecompiledWeb\localhost_58835\"
		Release.AspNetCompiler.Updateable = "true"
		Release.AspNetCompiler.ForceOverwrite = "true"
		Release.AspNetCompiler.FixedNames = "false"
		Release.AspNetCompiler.Debug = "False"
		VWDPort = "58835"
		SlnRelativePath = "Deck.Client\"
	EndProjectSection
EndProject
Global
	GlobalSection(SolutionConfigurationPlatforms) = preSolution
		Debug|Any CPU = Debug|Any CPU
		Release|Any CPU = Release|Any CPU
	EndGlobalSection
	GlobalSection(ProjectConfigurationPlatforms) = postSolution
		{0EDF2E97-2B1A-4EAC-B31E-0806377FF283}.Debug|Any CPU.ActiveCfg = Debug|Any CPU
		{0EDF2E97-2B1A-4EAC-B31E-0806377FF283}.Debug|Any CPU.Build.0 = Debug|Any CPU
		{0EDF2E97-2B1A-4EAC-B31E-0806377FF283}.Release|Any CPU.ActiveCfg = Release|Any CPU
		{0EDF2E97-2B1A-4EAC-B31E-0806377FF283}.Release|Any CPU.Build.0 = Release|Any CPU
		{99B89D83-12A4-4AED-867C-247E5D7A5717}.Debug|Any CPU.ActiveCfg = Debug|Any CPU
		{99B89D83-12A4-4AED-867C-247E5D7A5717}.Debug|Any CPU.Build.0 = Debug|Any CPU
		{99B89D83-12A4-4AED-867C-247E5D7A5717}.Release|Any CPU.ActiveCfg = Release|Any CPU
		{99B89D83-12A4-4AED-867C-247E5D7A5717}.Release|Any CPU.Build.0 = Release|Any CPU
		{ABCB7A21-A73C-4117-ACAF-053A21523957}.Debug|Any CPU.ActiveCfg = Debug|Any CPU
		{ABCB7A21-A73C-4117-ACAF-053A21523957}.Debug|Any CPU.Build.0 = Debug|Any CPU
		{ABCB7A21-A73C-4117-ACAF-053A21523957}.Release|Any CPU.ActiveCfg = Release|Any CPU
		{ABCB7A21-A73C-4117-ACAF-053A21523957}.Release|Any CPU.Build.0 = Release|Any CPU
		{9D972CD4-A100-4DAD-B31B-3A9E853879C1}.Debug|Any CPU.ActiveCfg = Debug|Any CPU
		{9D972CD4-A100-4DAD-B31B-3A9E853879C1}.Debug|Any CPU.Build.0 = Debug|Any CPU
		{9D972CD4-A100-4DAD-B31B-3A9E853879C1}.Release|Any CPU.ActiveCfg = Debug|Any CPU
		{9D972CD4-A100-4DAD-B31B-3A9E853879C1}.Release|Any CPU.Build.0 = Debug|Any CPU
	EndGlobalSection
	GlobalSection(SolutionProperties) = preSolution
		HideSolutionNode = FALSE
	EndGlobalSection
	GlobalSection(CodealikeProperties) = postSolution
		SolutionGuid = e468e988-0eaa-4383-a048-dc919e01d641
	EndGlobalSection
EndGlobal
